
Microsoft Visual Studio Solution File, Format Version 12.00
# Visual Studio Version 16
VisualStudioVersion = 16.0.32428.217
MinimumVisualStudioVersion = 10.0.40219.1
Project("{FAE04EC0-301F-11D3-BF4B-00C04F79EFBC}") = "AstroDailyProject", "AstroDailyProject\AstroDailyProject.csproj", "{1C30B9F6-990B-495B-83C1-6AD72A69D4E5}"
EndProject
Global
	GlobalSection(SolutionConfigurationPlatforms) = preSolution
		Debug|Any CPU = Debug|Any CPU
		Release|Any CPU = Release|Any CPU
	EndGlobalSection
	GlobalSection(ProjectConfigurationPlatforms) = postSolution
		{1C30B9F6-990B-495B-83C1-6AD72A69D4E5}.Debug|Any CPU.ActiveCfg = Debug|Any CPU
		{1C30B9F6-990B-495B-83C1-6AD72A69D4E5}.Debug|Any CPU.Build.0 = Debug|Any CPU
		{1C30B9F6-990B-495B-83C1-6AD72A69D4E5}.Release|Any CPU.ActiveCfg = Release|Any CPU
		{1C30B9F6-990B-495B-83C1-6AD72A69D4E5}.Release|Any CPU.Build.0 = Release|Any CPU
	EndGlobalSection
	GlobalSection(SolutionProperties) = preSolution
		HideSolutionNode = FALSE
	EndGlobalSection
	GlobalSection(ExtensibilityGlobals) = postSolution
		SolutionGuid = {1F70FF39-B956-45D7-8A1E-C3950D1F2516}
	EndGlobalSection
EndGlobal
